
Microsoft Visual Studio Solution File, Format Version 11.00
# Visual Web Developer Express 2010
Project("{FAE04EC0-301F-11D3-BF4B-00C04F79EFBC}") = "MLAPI", "MLAPI\MLAPI.csproj", "{729F23C7-F5E3-44A8-8B14-F61573DE6B6E}"
EndProject
Project("{FAE04EC0-301F-11D3-BF4B-00C04F79EFBC}") = "Example.Search", "Example.Search\Example.Search.csproj", "{EB3E4894-7C19-4248-B6B0-36BDEA13A82A}"
EndProject
Global
	GlobalSection(SolutionConfigurationPlatforms) = preSolution
		Debug|Any CPU = Debug|Any CPU
		Release|Any CPU = Release|Any CPU
	EndGlobalSection
	GlobalSection(ProjectConfigurationPlatforms) = postSolution
		{729F23C7-F5E3-44A8-8B14-F61573DE6B6E}.Debug|Any CPU.ActiveCfg = Debug|Any CPU
		{729F23C7-F5E3-44A8-8B14-F61573DE6B6E}.Debug|Any CPU.Build.0 = Debug|Any CPU
		{729F23C7-F5E3-44A8-8B14-F61573DE6B6E}.Release|Any CPU.ActiveCfg = Release|Any CPU
		{729F23C7-F5E3-44A8-8B14-F61573DE6B6E}.Release|Any CPU.Build.0 = Release|Any CPU
		{EB3E4894-7C19-4248-B6B0-36BDEA13A82A}.Debug|Any CPU.ActiveCfg = Debug|Any CPU
		{EB3E4894-7C19-4248-B6B0-36BDEA13A82A}.Debug|Any CPU.Build.0 = Debug|Any CPU
		{EB3E4894-7C19-4248-B6B0-36BDEA13A82A}.Release|Any CPU.ActiveCfg = Release|Any CPU
		{EB3E4894-7C19-4248-B6B0-36BDEA13A82A}.Release|Any CPU.Build.0 = Release|Any CPU
	EndGlobalSection
	GlobalSection(SolutionProperties) = preSolution
		HideSolutionNode = FALSE
	EndGlobalSection
EndGlobal
